
Microsoft Visual Studio Solution File, Format Version 12.00
# Visual Studio Version 16
VisualStudioVersion = 16.0.30804.86
MinimumVisualStudioVersion = 10.0.40219.1
Project("{FAE04EC0-301F-11D3-BF4B-00C04F79EFBC}") = "RegFB", "RegFB.csproj", "{9019ADFA-C341-436D-B2B6-00C918871052}"
EndProject
Global
	GlobalSection(SolutionConfigurationPlatforms) = preSolution
		Debug|Any CPU = Debug|Any CPU
		Release|Any CPU = Release|Any CPU
	EndGlobalSection
	GlobalSection(ProjectConfigurationPlatforms) = postSolution
		{9019ADFA-C341-436D-B2B6-00C918871052}.Debug|Any CPU.ActiveCfg = Debug|Any CPU
		{9019ADFA-C341-436D-B2B6-00C918871052}.Debug|Any CPU.Build.0 = Debug|Any CPU
		{9019ADFA-C341-436D-B2B6-00C918871052}.Release|Any CPU.ActiveCfg = Release|Any CPU
		{9019ADFA-C341-436D-B2B6-00C918871052}.Release|Any CPU.Build.0 = Release|Any CPU
	EndGlobalSection
	GlobalSection(SolutionProperties) = preSolution
		HideSolutionNode = FALSE
	EndGlobalSection
	GlobalSection(ExtensibilityGlobals) = postSolution
		SolutionGuid = {88E450B2-5315-435F-A5F4-0678ECB3C115}
	EndGlobalSection
EndGlobal
